
Microsoft Visual Studio Solution File, Format Version 12.00
Project("{FAE04EC0-301F-11D3-BF4B-00C04F79EFBC}") = "CelesteEndscreenRecreator", "CelesteEndscreenRecreator\CelesteEndscreenRecreator.csproj", "{F6F60F32-4F2D-4C72-8CB0-87C1F7DFAD7C}"
EndProject
Global
	GlobalSection(SolutionConfigurationPlatforms) = preSolution
		Debug|Any CPU = Debug|Any CPU
		Release|Any CPU = Release|Any CPU
	EndGlobalSection
	GlobalSection(ProjectConfigurationPlatforms) = postSolution
		{F6F60F32-4F2D-4C72-8CB0-87C1F7DFAD7C}.Debug|Any CPU.ActiveCfg = Debug|Any CPU
		{F6F60F32-4F2D-4C72-8CB0-87C1F7DFAD7C}.Debug|Any CPU.Build.0 = Debug|Any CPU
		{F6F60F32-4F2D-4C72-8CB0-87C1F7DFAD7C}.Release|Any CPU.ActiveCfg = Release|Any CPU
		{F6F60F32-4F2D-4C72-8CB0-87C1F7DFAD7C}.Release|Any CPU.Build.0 = Release|Any CPU
	EndGlobalSection
EndGlobal
